
Microsoft Visual Studio Solution File, Format Version 11.00
# Visual Web Developer Express 2010
Project("{FAE04EC0-301F-11D3-BF4B-00C04F79EFBC}") = "GitAspx", "GitAspx\GitAspx.csproj", "{3A732219-72CE-49B8-84F6-FE74E3762EE7}"
EndProject
Project("{FAE04EC0-301F-11D3-BF4B-00C04F79EFBC}") = "GitAspx.Tests", "GitAspx.Tests\GitAspx.Tests.csproj", "{A1C3A88B-8C35-4677-B83F-E61FEAAD604A}"
EndProject
Project("{FAE04EC0-301F-11D3-BF4B-00C04F79EFBC}") = "GitSharp-VS2010", "lib\GitSharp\GitSharp\GitSharp-VS2010.csproj", "{7311850F-619A-4241-B09F-157792C75FBA}"
EndProject
Project("{FAE04EC0-301F-11D3-BF4B-00C04F79EFBC}") = "GitSharp.Core-VS2010", "lib\GitSharp\GitSharp.Core\GitSharp.Core-VS2010.csproj", "{C46EDD61-C202-465A-93F1-ADE20A83BB59}"
EndProject
Project("{FAE04EC0-301F-11D3-BF4B-00C04F79EFBC}") = "NGit", "lib\NGit\NGit\NGit.csproj", "{E3BFF8B4-189C-496A-A817-7E8B31E22B91}"
EndProject
Project("{FAE04EC0-301F-11D3-BF4B-00C04F79EFBC}") = "NSch", "lib\NGit\NSch\NSch.csproj", "{A19E6F3F-A25B-4B01-8922-CF0CC35C781D}"
EndProject
Project("{FAE04EC0-301F-11D3-BF4B-00C04F79EFBC}") = "Sharpen", "lib\NGit\Sharpen\Sharpen.csproj", "{72944A6C-45FF-4EF8-B349-8C9CABF519D4}"
EndProject
Global
	GlobalSection(SolutionConfigurationPlatforms) = preSolution
		Debug|Any CPU = Debug|Any CPU
		Release|Any CPU = Release|Any CPU
	EndGlobalSection
	GlobalSection(ProjectConfigurationPlatforms) = postSolution
		{3A732219-72CE-49B8-84F6-FE74E3762EE7}.Debug|Any CPU.ActiveCfg = Debug|Any CPU
		{3A732219-72CE-49B8-84F6-FE74E3762EE7}.Debug|Any CPU.Build.0 = Debug|Any CPU
		{3A732219-72CE-49B8-84F6-FE74E3762EE7}.Release|Any CPU.ActiveCfg = Release|Any CPU
		{3A732219-72CE-49B8-84F6-FE74E3762EE7}.Release|Any CPU.Build.0 = Release|Any CPU
		{A1C3A88B-8C35-4677-B83F-E61FEAAD604A}.Debug|Any CPU.ActiveCfg = Debug|Any CPU
		{A1C3A88B-8C35-4677-B83F-E61FEAAD604A}.Debug|Any CPU.Build.0 = Debug|Any CPU
		{A1C3A88B-8C35-4677-B83F-E61FEAAD604A}.Release|Any CPU.ActiveCfg = Release|Any CPU
		{A1C3A88B-8C35-4677-B83F-E61FEAAD604A}.Release|Any CPU.Build.0 = Release|Any CPU
		{7311850F-619A-4241-B09F-157792C75FBA}.Debug|Any CPU.ActiveCfg = Debug|Any CPU
		{7311850F-619A-4241-B09F-157792C75FBA}.Debug|Any CPU.Build.0 = Debug|Any CPU
		{7311850F-619A-4241-B09F-157792C75FBA}.Release|Any CPU.ActiveCfg = Release|Any CPU
		{7311850F-619A-4241-B09F-157792C75FBA}.Release|Any CPU.Build.0 = Release|Any CPU
		{C46EDD61-C202-465A-93F1-ADE20A83BB59}.Debug|Any CPU.ActiveCfg = Debug|Any CPU
		{C46EDD61-C202-465A-93F1-ADE20A83BB59}.Debug|Any CPU.Build.0 = Debug|Any CPU
		{C46EDD61-C202-465A-93F1-ADE20A83BB59}.Release|Any CPU.ActiveCfg = Release|Any CPU
		{C46EDD61-C202-465A-93F1-ADE20A83BB59}.Release|Any CPU.Build.0 = Release|Any CPU
		{E3BFF8B4-189C-496A-A817-7E8B31E22B91}.Debug|Any CPU.ActiveCfg = Debug|Any CPU
		{E3BFF8B4-189C-496A-A817-7E8B31E22B91}.Debug|Any CPU.Build.0 = Debug|Any CPU
		{E3BFF8B4-189C-496A-A817-7E8B31E22B91}.Release|Any CPU.ActiveCfg = Release|Any CPU
		{E3BFF8B4-189C-496A-A817-7E8B31E22B91}.Release|Any CPU.Build.0 = Release|Any CPU
		{A19E6F3F-A25B-4B01-8922-CF0CC35C781D}.Debug|Any CPU.ActiveCfg = Debug|Any CPU
		{A19E6F3F-A25B-4B01-8922-CF0CC35C781D}.Debug|Any CPU.Build.0 = Debug|Any CPU
		{A19E6F3F-A25B-4B01-8922-CF0CC35C781D}.Release|Any CPU.ActiveCfg = Release|Any CPU
		{A19E6F3F-A25B-4B01-8922-CF0CC35C781D}.Release|Any CPU.Build.0 = Release|Any CPU
		{72944A6C-45FF-4EF8-B349-8C9CABF519D4}.Debug|Any CPU.ActiveCfg = Debug|Any CPU
		{72944A6C-45FF-4EF8-B349-8C9CABF519D4}.Debug|Any CPU.Build.0 = Debug|Any CPU
		{72944A6C-45FF-4EF8-B349-8C9CABF519D4}.Release|Any CPU.ActiveCfg = Release|Any CPU
		{72944A6C-45FF-4EF8-B349-8C9CABF519D4}.Release|Any CPU.Build.0 = Release|Any CPU
	EndGlobalSection
	GlobalSection(SolutionProperties) = preSolution
		HideSolutionNode = FALSE
	EndGlobalSection
EndGlobal
